
Microsoft Visual Studio Solution File, Format Version 12.00
# Visual Studio Version 17
VisualStudioVersion = 17.9.34723.18
MinimumVisualStudioVersion = 10.0.40219.1
Project("{FAE04EC0-301F-11D3-BF4B-00C04F79EFBC}") = "Models", "Models.csproj", "{FB786E71-63DD-4C94-971F-AC23B8541F4D}"
EndProject
Global
	GlobalSection(SolutionConfigurationPlatforms) = preSolution
		Debug|Any CPU = Debug|Any CPU
		Release|Any CPU = Release|Any CPU
	EndGlobalSection
	GlobalSection(ProjectConfigurationPlatforms) = postSolution
		{FB786E71-63DD-4C94-971F-AC23B8541F4D}.Debug|Any CPU.ActiveCfg = Debug|Any CPU
		{FB786E71-63DD-4C94-971F-AC23B8541F4D}.Debug|Any CPU.Build.0 = Debug|Any CPU
		{FB786E71-63DD-4C94-971F-AC23B8541F4D}.Release|Any CPU.ActiveCfg = Release|Any CPU
		{FB786E71-63DD-4C94-971F-AC23B8541F4D}.Release|Any CPU.Build.0 = Release|Any CPU
	EndGlobalSection
	GlobalSection(SolutionProperties) = preSolution
		HideSolutionNode = FALSE
	EndGlobalSection
	GlobalSection(ExtensibilityGlobals) = postSolution
		SolutionGuid = {1AA47FF1-A976-4E6E-B470-644BC0E19E2B}
	EndGlobalSection
EndGlobal
