
Microsoft Visual Studio Solution File, Format Version 12.00
# Visual Studio Version 17
VisualStudioVersion = 17.6.33801.468
MinimumVisualStudioVersion = 10.0.40219.1
Project("{FAE04EC0-301F-11D3-BF4B-00C04F79EFBC}") = "UniversityView", "UniversityView\UniversityView.csproj", "{D6BB228D-09A1-46AA-8277-BE95520A3BBA}"
EndProject
Global
	GlobalSection(SolutionConfigurationPlatforms) = preSolution
		Debug|Any CPU = Debug|Any CPU
		Release|Any CPU = Release|Any CPU
	EndGlobalSection
	GlobalSection(ProjectConfigurationPlatforms) = postSolution
		{D6BB228D-09A1-46AA-8277-BE95520A3BBA}.Debug|Any CPU.ActiveCfg = Debug|Any CPU
		{D6BB228D-09A1-46AA-8277-BE95520A3BBA}.Debug|Any CPU.Build.0 = Debug|Any CPU
		{D6BB228D-09A1-46AA-8277-BE95520A3BBA}.Release|Any CPU.ActiveCfg = Release|Any CPU
		{D6BB228D-09A1-46AA-8277-BE95520A3BBA}.Release|Any CPU.Build.0 = Release|Any CPU
	EndGlobalSection
	GlobalSection(SolutionProperties) = preSolution
		HideSolutionNode = FALSE
	EndGlobalSection
	GlobalSection(ExtensibilityGlobals) = postSolution
		SolutionGuid = {7D3469B4-017A-4EA6-B08B-68F06915F54B}
	EndGlobalSection
EndGlobal
